
Microsoft Visual Studio Solution File, Format Version 12.00
# Visual Studio Version 16
VisualStudioVersion = 16.0.29709.97
MinimumVisualStudioVersion = 10.0.40219.1
Project("{FAE04EC0-301F-11D3-BF4B-00C04F79EFBC}") = "CSharpAlgorithms", "CSharpAlgorithms\CSharpAlgorithms.csproj", "{86359F11-1886-4CD6-816A-DF69B55AAEB1}"
EndProject
Global
	GlobalSection(SolutionConfigurationPlatforms) = preSolution
		Debug|Any CPU = Debug|Any CPU
		Release|Any CPU = Release|Any CPU
	EndGlobalSection
	GlobalSection(ProjectConfigurationPlatforms) = postSolution
		{86359F11-1886-4CD6-816A-DF69B55AAEB1}.Debug|Any CPU.ActiveCfg = Debug|Any CPU
		{86359F11-1886-4CD6-816A-DF69B55AAEB1}.Debug|Any CPU.Build.0 = Debug|Any CPU
		{86359F11-1886-4CD6-816A-DF69B55AAEB1}.Release|Any CPU.ActiveCfg = Release|Any CPU
		{86359F11-1886-4CD6-816A-DF69B55AAEB1}.Release|Any CPU.Build.0 = Release|Any CPU
	EndGlobalSection
	GlobalSection(SolutionProperties) = preSolution
		HideSolutionNode = FALSE
	EndGlobalSection
	GlobalSection(ExtensibilityGlobals) = postSolution
		SolutionGuid = {7463E233-4B26-4738-B0AB-7401C671CB65}
	EndGlobalSection
EndGlobal
